// !$*UTF8*$!
{
	archiveVersion = 1;
	classes = {
	};
	objectVersion = 50;
	objects = {

/* Begin PBXBuildFile section */
		E77A215C267F7F310041EA85 /* test.swift in Sources */ = {isa = PBXBuildFile; fileRef = E77A215B267F7F310041EA85 /* test.swift */; };
		E7C9F8A1267F6EDA00739C17 /* AppDelegate.swift in Sources */ = {isa = PBXBuildFile; fileRef = E7C9F8A0267F6EDA00739C17 /* AppDelegate.swift */; };
		E7C9F8A3267F6EDA00739C17 /* ViewController.swift in Sources */ = {isa = PBXBuildFile; fileRef = E7C9F8A2267F6EDA00739C17 /* ViewController.swift */; };
		E7C9F8A5267F6EDB00739C17 /* Assets.xcassets in Resources */ = {isa = PBXBuildFile; fileRef = E7C9F8A4267F6EDB00739C17 /* Assets.xcassets */; };
		E7C9F8A8267F6EDB00739C17 /* Main.storyboard in Resources */ = {isa = PBXBuildFile; fileRef = E7C9F8A6267F6EDB00739C17 /* Main.storyboard */; };
		E7C9F8B7267F6F0200739C17 /* Cocoa.framework in Frameworks */ = {isa = PBXBuildFile; fileRef = E7C9F8B6267F6F0200739C17 /* Cocoa.framework */; };
		E7C9F8BC267F6F0200739C17 /* SourceEditorExtension.swift in Sources */ = {isa = PBXBuildFile; fileRef = E7C9F8BB267F6F0200739C17 /* SourceEditorExtension.swift */; };
		E7C9F8BE267F6F0200739C17 /* SourceEditorCommand.swift in Sources */ = {isa = PBXBuildFile; fileRef = E7C9F8BD267F6F0200739C17 /* SourceEditorCommand.swift */; };
		E7C9F8C3267F6F0200739C17 /* Zvaro.appex in Embed App Extensions */ = {isa = PBXBuildFile; fileRef = E7C9F8B4267F6F0200739C17 /* Zvaro.appex */; settings = {ATTRIBUTES = (RemoveHeadersOnCopy, ); }; };
		E7C9F8C8267F6F0600739C17 /* XcodeKit.framework in Frameworks */ = {isa = PBXBuildFile; fileRef = E7C9F8B8267F6F0200739C17 /* XcodeKit.framework */; };
		E7C9F8C9267F6F0600739C17 /* XcodeKit.framework in Embed Frameworks */ = {isa = PBXBuildFile; fileRef = E7C9F8B8267F6F0200739C17 /* XcodeKit.framework */; settings = {ATTRIBUTES = (CodeSignOnCopy, RemoveHeadersOnCopy, ); }; };
/* End PBXBuildFile section */

/* Begin PBXContainerItemProxy section */
		E7C9F8C1267F6F0200739C17 /* PBXContainerItemProxy */ = {
			isa = PBXContainerItemProxy;
			containerPortal = E7C9F895267F6EDA00739C17 /* Project object */;
			proxyType = 1;
			remoteGlobalIDString = E7C9F8B3267F6F0200739C17;
			remoteInfo = Zvaro;
		};
/* End PBXContainerItemProxy section */

/* Begin PBXCopyFilesBuildPhase section */
		E7C9F8C7267F6F0200739C17 /* Embed App Extensions */ = {
			isa = PBXCopyFilesBuildPhase;
			buildActionMask = 2147483647;
			dstPath = "";
			dstSubfolderSpec = 13;
			files = (
				E7C9F8C3267F6F0200739C17 /* Zvaro.appex in Embed App Extensions */,
			);
			name = "Embed App Extensions";
			runOnlyForDeploymentPostprocessing = 0;
		};
		E7C9F8CA267F6F0600739C17 /* Embed Frameworks */ = {
			isa = PBXCopyFilesBuildPhase;
			buildActionMask = 2147483647;
			dstPath = "";
			dstSubfolderSpec = 10;
			files = (
				E7C9F8C9267F6F0600739C17 /* XcodeKit.framework in Embed Frameworks */,
			);
			name = "Embed Frameworks";
			runOnlyForDeploymentPostprocessing = 0;
		};
/* End PBXCopyFilesBuildPhase section */

/* Begin PBXFileReference section */
		E77A215B267F7F310041EA85 /* test.swift */ = {isa = PBXFileReference; lastKnownFileType = sourcecode.swift; path = test.swift; sourceTree = "<group>"; };
		E7C9F89D267F6EDA00739C17 /* ZvaroExt.app */ = {isa = PBXFileReference; explicitFileType = wrapper.application; includeInIndex = 0; path = ZvaroExt.app; sourceTree = BUILT_PRODUCTS_DIR; };
		E7C9F8A0267F6EDA00739C17 /* AppDelegate.swift */ = {isa = PBXFileReference; lastKnownFileType = sourcecode.swift; path = AppDelegate.swift; sourceTree = "<group>"; };
		E7C9F8A2267F6EDA00739C17 /* ViewController.swift */ = {isa = PBXFileReference; lastKnownFileType = sourcecode.swift; path = ViewController.swift; sourceTree = "<group>"; };
		E7C9F8A4267F6EDB00739C17 /* Assets.xcassets */ = {isa = PBXFileReference; lastKnownFileType = folder.assetcatalog; path = Assets.xcassets; sourceTree = "<group>"; };
		E7C9F8A7267F6EDB00739C17 /* Base */ = {isa = PBXFileReference; lastKnownFileType = file.storyboard; name = Base; path = Base.lproj/Main.storyboard; sourceTree = "<group>"; };
		E7C9F8A9267F6EDB00739C17 /* Info.plist */ = {isa = PBXFileReference; lastKnownFileType = text.plist.xml; path = Info.plist; sourceTree = "<group>"; };
		E7C9F8AA267F6EDB00739C17 /* ZvaroExt.entitlements */ = {isa = PBXFileReference; lastKnownFileType = text.plist.entitlements; path = ZvaroExt.entitlements; sourceTree = "<group>"; };
		E7C9F8B4267F6F0200739C17 /* Zvaro.appex */ = {isa = PBXFileReference; explicitFileType = "wrapper.app-extension"; includeInIndex = 0; path = Zvaro.appex; sourceTree = BUILT_PRODUCTS_DIR; };
		E7C9F8B6267F6F0200739C17 /* Cocoa.framework */ = {isa = PBXFileReference; lastKnownFileType = wrapper.framework; name = Cocoa.framework; path = System/Library/Frameworks/Cocoa.framework; sourceTree = SDKROOT; };
		E7C9F8B8267F6F0200739C17 /* XcodeKit.framework */ = {isa = PBXFileReference; lastKnownFileType = wrapper.framework; name = XcodeKit.framework; path = Library/Frameworks/XcodeKit.framework; sourceTree = DEVELOPER_DIR; };
		E7C9F8BB267F6F0200739C17 /* SourceEditorExtension.swift */ = {isa = PBXFileReference; lastKnownFileType = sourcecode.swift; path = SourceEditorExtension.swift; sourceTree = "<group>"; };
		E7C9F8BD267F6F0200739C17 /* SourceEditorCommand.swift */ = {isa = PBXFileReference; lastKnownFileType = sourcecode.swift; path = SourceEditorCommand.swift; sourceTree = "<group>"; };
		E7C9F8BF267F6F0200739C17 /* Info.plist */ = {isa = PBXFileReference; lastKnownFileType = text.plist.xml; path = Info.plist; sourceTree = "<group>"; };
		E7C9F8C0267F6F0200739C17 /* Zvaro.entitlements */ = {isa = PBXFileReference; lastKnownFileType = text.plist.entitlements; path = Zvaro.entitlements; sourceTree = "<group>"; };
/* End PBXFileReference section */

/* Begin PBXFrameworksBuildPhase section */
		E7C9F89A267F6EDA00739C17 /* Frameworks */ = {
			isa = PBXFrameworksBuildPhase;
			buildActionMask = 2147483647;
			files = (
			);
			runOnlyForDeploymentPostprocessing = 0;
		};
		E7C9F8B1267F6F0200739C17 /* Frameworks */ = {
			isa = PBXFrameworksBuildPhase;
			buildActionMask = 2147483647;
			files = (
				E7C9F8B7267F6F0200739C17 /* Cocoa.framework in Frameworks */,
				E7C9F8C8267F6F0600739C17 /* XcodeKit.framework in Frameworks */,
			);
			runOnlyForDeploymentPostprocessing = 0;
		};
/* End PBXFrameworksBuildPhase section */

/* Begin PBXGroup section */
		E7C9F894267F6EDA00739C17 = {
			isa = PBXGroup;
			children = (
				E7C9F89F267F6EDA00739C17 /* ZvaroExt */,
				E7C9F8BA267F6F0200739C17 /* Zvaro */,
				E7C9F8B5267F6F0200739C17 /* Frameworks */,
				E7C9F89E267F6EDA00739C17 /* Products */,
			);
			sourceTree = "<group>";
		};
		E7C9F89E267F6EDA00739C17 /* Products */ = {
			isa = PBXGroup;
			children = (
				E7C9F89D267F6EDA00739C17 /* ZvaroExt.app */,
				E7C9F8B4267F6F0200739C17 /* Zvaro.appex */,
			);
			name = Products;
			sourceTree = "<group>";
		};
		E7C9F89F267F6EDA00739C17 /* ZvaroExt */ = {
			isa = PBXGroup;
			children = (
				E7C9F8A0267F6EDA00739C17 /* AppDelegate.swift */,
				E7C9F8A2267F6EDA00739C17 /* ViewController.swift */,
				E7C9F8A4267F6EDB00739C17 /* Assets.xcassets */,
				E7C9F8A6267F6EDB00739C17 /* Main.storyboard */,
				E7C9F8A9267F6EDB00739C17 /* Info.plist */,
				E7C9F8AA267F6EDB00739C17 /* ZvaroExt.entitlements */,
				E77A215B267F7F310041EA85 /* test.swift */,
			);
			path = ZvaroExt;
			sourceTree = "<group>";
		};
		E7C9F8B5267F6F0200739C17 /* Frameworks */ = {
			isa = PBXGroup;
			children = (
				E7C9F8B6267F6F0200739C17 /* Cocoa.framework */,
				E7C9F8B8267F6F0200739C17 /* XcodeKit.framework */,
			);
			name = Frameworks;
			sourceTree = "<group>";
		};
		E7C9F8BA267F6F0200739C17 /* Zvaro */ = {
			isa = PBXGroup;
			children = (
				E7C9F8BB267F6F0200739C17 /* SourceEditorExtension.swift */,
				E7C9F8BD267F6F0200739C17 /* SourceEditorCommand.swift */,
				E7C9F8BF267F6F0200739C17 /* Info.plist */,
				E7C9F8C0267F6F0200739C17 /* Zvaro.entitlements */,
			);
			path = Zvaro;
			sourceTree = "<group>";
		};
/* End PBXGroup section */

/* Begin PBXNativeTarget section */
		E7C9F89C267F6EDA00739C17 /* ZvaroExt */ = {
			isa = PBXNativeTarget;
			buildConfigurationList = E7C9F8AD267F6EDB00739C17 /* Build configuration list for PBXNativeTarget "ZvaroExt" */;
			buildPhases = (
				E7C9F899267F6EDA00739C17 /* Sources */,
				E7C9F89A267F6EDA00739C17 /* Frameworks */,
				E7C9F89B267F6EDA00739C17 /* Resources */,
				E7C9F8C7267F6F0200739C17 /* Embed App Extensions */,
			);
			buildRules = (
			);
			dependencies = (
				E7C9F8C2267F6F0200739C17 /* PBXTargetDependency */,
			);
			name = ZvaroExt;
			productName = ZvaroExt;
			productReference = E7C9F89D267F6EDA00739C17 /* ZvaroExt.app */;
			productType = "com.apple.product-type.application";
		};
		E7C9F8B3267F6F0200739C17 /* Zvaro */ = {
			isa = PBXNativeTarget;
			buildConfigurationList = E7C9F8C4267F6F0200739C17 /* Build configuration list for PBXNativeTarget "Zvaro" */;
			buildPhases = (
				E7C9F8B0267F6F0200739C17 /* Sources */,
				E7C9F8B1267F6F0200739C17 /* Frameworks */,
				E7C9F8B2267F6F0200739C17 /* Resources */,
				E7C9F8CA267F6F0600739C17 /* Embed Frameworks */,
			);
			buildRules = (
			);
			dependencies = (
			);
			name = Zvaro;
			productName = Zvaro;
			productReference = E7C9F8B4267F6F0200739C17 /* Zvaro.appex */;
			productType = "com.apple.product-type.xcode-extension";
		};
/* End PBXNativeTarget section */

/* Begin PBXProject section */
		E7C9F895267F6EDA00739C17 /* Project object */ = {
			isa = PBXProject;
			attributes = {
				LastSwiftUpdateCheck = 1250;
				LastUpgradeCheck = 1250;
				TargetAttributes = {
					E7C9F89C267F6EDA00739C17 = {
						CreatedOnToolsVersion = 12.5;
					};
					E7C9F8B3267F6F0200739C17 = {
						CreatedOnToolsVersion = 12.5;
					};
				};
			};
			buildConfigurationList = E7C9F898267F6EDA00739C17 /* Build configuration list for PBXProject "ZvaroExt" */;
			compatibilityVersion = "Xcode 9.3";
			developmentRegion = en;
			hasScannedForEncodings = 0;
			knownRegions = (
				en,
				Base,
			);
			mainGroup = E7C9F894267F6EDA00739C17;
			productRefGroup = E7C9F89E267F6EDA00739C17 /* Products */;
			projectDirPath = "";
			projectRoot = "";
			targets = (
				E7C9F89C267F6EDA00739C17 /* ZvaroExt */,
				E7C9F8B3267F6F0200739C17 /* Zvaro */,
			);
		};
/* End PBXProject section */

/* Begin PBXResourcesBuildPhase section */
		E7C9F89B267F6EDA00739C17 /* Resources */ = {
			isa = PBXResourcesBuildPhase;
			buildActionMask = 2147483647;
			files = (
				E7C9F8A5267F6EDB00739C17 /* Assets.xcassets in Resources */,
				E7C9F8A8267F6EDB00739C17 /* Main.storyboard in Resources */,
			);
			runOnlyForDeploymentPostprocessing = 0;
		};
		E7C9F8B2267F6F0200739C17 /* Resources */ = {
			isa = PBXResourcesBuildPhase;
			buildActionMask = 2147483647;
			files = (
			);
			runOnlyForDeploymentPostprocessing = 0;
		};
/* End PBXResourcesBuildPhase section */

/* Begin PBXSourcesBuildPhase section */
		E7C9F899267F6EDA00739C17 /* Sources */ = {
			isa = PBXSourcesBuildPhase;
			buildActionMask = 2147483647;
			files = (
				E7C9F8A3267F6EDA00739C17 /* ViewController.swift in Sources */,
				E77A215C267F7F310041EA85 /* test.swift in Sources */,
				E7C9F8A1267F6EDA00739C17 /* AppDelegate.swift in Sources */,
			);
			runOnlyForDeploymentPostprocessing = 0;
		};
		E7C9F8B0267F6F0200739C17 /* Sources */ = {
			isa = PBXSourcesBuildPhase;
			buildActionMask = 2147483647;
			files = (
				E7C9F8BC267F6F0200739C17 /* SourceEditorExtension.swift in Sources */,
				E7C9F8BE267F6F0200739C17 /* SourceEditorCommand.swift in Sources */,
			);
			runOnlyForDeploymentPostprocessing = 0;
		};
/* End PBXSourcesBuildPhase section */

/* Begin PBXTargetDependency section */
		E7C9F8C2267F6F0200739C17 /* PBXTargetDependency */ = {
			isa = PBXTargetDependency;
			target = E7C9F8B3267F6F0200739C17 /* Zvaro */;
			targetProxy = E7C9F8C1267F6F0200739C17 /* PBXContainerItemProxy */;
		};
/* End PBXTargetDependency section */

/* Begin PBXVariantGroup section */
		E7C9F8A6267F6EDB00739C17 /* Main.storyboard */ = {
			isa = PBXVariantGroup;
			children = (
				E7C9F8A7267F6EDB00739C17 /* Base */,
			);
			name = Main.storyboard;
			sourceTree = "<group>";
		};
/* End PBXVariantGroup section */

/* Begin XCBuildConfiguration section */
		E7C9F8AB267F6EDB00739C17 /* Debug */ = {
			isa = XCBuildConfiguration;
			buildSettings = {
				ALWAYS_SEARCH_USER_PATHS = NO;
				CLANG_ANALYZER_NONNULL = YES;
				CLANG_ANALYZER_NUMBER_OBJECT_CONVERSION = YES_AGGRESSIVE;
				CLANG_CXX_LANGUAGE_STANDARD = "gnu++14";
				CLANG_CXX_LIBRARY = "libc++";
				CLANG_ENABLE_MODULES = YES;
				CLANG_ENABLE_OBJC_ARC = YES;
				CLANG_ENABLE_OBJC_WEAK = YES;
				CLANG_WARN_BLOCK_CAPTURE_AUTORELEASING = YES;
				CLANG_WARN_BOOL_CONVERSION = YES;
				CLANG_WARN_COMMA = YES;
				CLANG_WARN_CONSTANT_CONVERSION = YES;
				CLANG_WARN_DEPRECATED_OBJC_IMPLEMENTATIONS = YES;
				CLANG_WARN_DIRECT_OBJC_ISA_USAGE = YES_ERROR;
				CLANG_WARN_DOCUMENTATION_COMMENTS = YES;
				CLANG_WARN_EMPTY_BODY = YES;
				CLANG_WARN_ENUM_CONVERSION = YES;
				CLANG_WARN_INFINITE_RECURSION = YES;
				CLANG_WARN_INT_CONVERSION = YES;
				CLANG_WARN_NON_LITERAL_NULL_CONVERSION = YES;
				CLANG_WARN_OBJC_IMPLICIT_RETAIN_SELF = YES;
				CLANG_WARN_OBJC_LITERAL_CONVERSION = YES;
				CLANG_WARN_OBJC_ROOT_CLASS = YES_ERROR;
				CLANG_WARN_QUOTED_INCLUDE_IN_FRAMEWORK_HEADER = YES;
				CLANG_WARN_RANGE_LOOP_ANALYSIS = YES;
				CLANG_WARN_STRICT_PROTOTYPES = YES;
				CLANG_WARN_SUSPICIOUS_MOVE = YES;
				CLANG_WARN_UNGUARDED_AVAILABILITY = YES_AGGRESSIVE;
				CLANG_WARN_UNREACHABLE_CODE = YES;
				CLANG_WARN__DUPLICATE_METHOD_MATCH = YES;
				COPY_PHASE_STRIP = NO;
				DEBUG_INFORMATION_FORMAT = dwarf;
				ENABLE_STRICT_OBJC_MSGSEND = YES;
				ENABLE_TESTABILITY = YES;
				GCC_C_LANGUAGE_STANDARD = gnu11;
				GCC_DYNAMIC_NO_PIC = NO;
				GCC_NO_COMMON_BLOCKS = YES;
				GCC_OPTIMIZATION_LEVEL = 0;
				GCC_PREPROCESSOR_DEFINITIONS = (
					"DEBUG=1",
					"$(inherited)",
				);
				GCC_WARN_64_TO_32_BIT_CONVERSION = YES;
				GCC_WARN_ABOUT_RETURN_TYPE = YES_ERROR;
				GCC_WARN_UNDECLARED_SELECTOR = YES;
				GCC_WARN_UNINITIALIZED_AUTOS = YES_AGGRESSIVE;
				GCC_WARN_UNUSED_FUNCTION = YES;
				GCC_WARN_UNUSED_VARIABLE = YES;
				MACOSX_DEPLOYMENT_TARGET = 11.3;
				MTL_ENABLE_DEBUG_INFO = INCLUDE_SOURCE;
				MTL_FAST_MATH = YES;
				ONLY_ACTIVE_ARCH = YES;
				SDKROOT = macosx;
				SWIFT_ACTIVE_COMPILATION_CONDITIONS = DEBUG;
				SWIFT_OPTIMIZATION_LEVEL = "-Onone";
			};
			name = Debug;
		};
		E7C9F8AC267F6EDB00739C17 /* Release */ = {
			isa = XCBuildConfiguration;
			buildSettings = {
				ALWAYS_SEARCH_USER_PATHS = NO;
				CLANG_ANALYZER_NONNULL = YES;
				CLANG_ANALYZER_NUMBER_OBJECT_CONVERSION = YES_AGGRESSIVE;
				CLANG_CXX_LANGUAGE_STANDARD = "gnu++14";
				CLANG_CXX_LIBRARY = "libc++";
				CLANG_ENABLE_MODULES = YES;
				CLANG_ENABLE_OBJC_ARC = YES;
				CLANG_ENABLE_OBJC_WEAK = YES;
				CLANG_WARN_BLOCK_CAPTURE_AUTORELEASING = YES;
				CLANG_WARN_BOOL_CONVERSION = YES;
				CLANG_WARN_COMMA = YES;
				CLANG_WARN_CONSTANT_CONVERSION = YES;
				CLANG_WARN_DEPRECATED_OBJC_IMPLEMENTATIONS = YES;
				CLANG_WARN_DIRECT_OBJC_ISA_USAGE = YES_ERROR;
				CLANG_WARN_DOCUMENTATION_COMMENTS = YES;
				CLANG_WARN_EMPTY_BODY = YES;
				CLANG_WARN_ENUM_CONVERSION = YES;
				CLANG_WARN_INFINITE_RECURSION = YES;
				CLANG_WARN_INT_CONVERSION = YES;
				CLANG_WARN_NON_LITERAL_NULL_CONVERSION = YES;
				CLANG_WARN_OBJC_IMPLICIT_RETAIN_SELF = YES;
				CLANG_WARN_OBJC_LITERAL_CONVERSION = YES;
				CLANG_WARN_OBJC_ROOT_CLASS = YES_ERROR;
				CLANG_WARN_QUOTED_INCLUDE_IN_FRAMEWORK_HEADER = YES;
				CLANG_WARN_RANGE_LOOP_ANALYSIS = YES;
				CLANG_WARN_STRICT_PROTOTYPES = YES;
				CLANG_WARN_SUSPICIOUS_MOVE = YES;
				CLANG_WARN_UNGUARDED_AVAILABILITY = YES_AGGRESSIVE;
				CLANG_WARN_UNREACHABLE_CODE = YES;
				CLANG_WARN__DUPLICATE_METHOD_MATCH = YES;
				COPY_PHASE_STRIP = NO;
				DEBUG_INFORMATION_FORMAT = "dwarf-with-dsym";
				ENABLE_NS_ASSERTIONS = NO;
				ENABLE_STRICT_OBJC_MSGSEND = YES;
				GCC_C_LANGUAGE_STANDARD = gnu11;
				GCC_NO_COMMON_BLOCKS = YES;
				GCC_WARN_64_TO_32_BIT_CONVERSION = YES;
				GCC_WARN_ABOUT_RETURN_TYPE = YES_ERROR;
				GCC_WARN_UNDECLARED_SELECTOR = YES;
				GCC_WARN_UNINITIALIZED_AUTOS = YES_AGGRESSIVE;
				GCC_WARN_UNUSED_FUNCTION = YES;
				GCC_WARN_UNUSED_VARIABLE = YES;
				MACOSX_DEPLOYMENT_TARGET = 11.3;
				MTL_ENABLE_DEBUG_INFO = NO;
				MTL_FAST_MATH = YES;
				SDKROOT = macosx;
				SWIFT_COMPILATION_MODE = wholemodule;
				SWIFT_OPTIMIZATION_LEVEL = "-O";
			};
			name = Release;
		};
		E7C9F8AE267F6EDB00739C17 /* Debug */ = {
			isa = XCBuildConfiguration;
			buildSettings = {
				ALWAYS_EMBED_SWIFT_STANDARD_LIBRARIES = YES;
				ASSETCATALOG_COMPILER_APPICON_NAME = AppIcon;
				ASSETCATALOG_COMPILER_GLOBAL_ACCENT_COLOR_NAME = AccentColor;
				CODE_SIGN_ENTITLEMENTS = ZvaroExt/ZvaroExt.entitlements;
				CODE_SIGN_STYLE = Automatic;
				COMBINE_HIDPI_IMAGES = YES;
				DEVELOPMENT_TEAM = 9J6689CCTF;
				ENABLE_HARDENED_RUNTIME = YES;
				INFOPLIST_FILE = ZvaroExt/Info.plist;
				LD_RUNPATH_SEARCH_PATHS = (
					"$(inherited)",
					"@executable_path/../Frameworks",
				);
				PRODUCT_BUNDLE_IDENTIFIER = com.zvaro.ZvaroExt;
				PRODUCT_NAME = "$(TARGET_NAME)";
				SWIFT_VERSION = 5.0;
			};
			name = Debug;
		};
		E7C9F8AF267F6EDB00739C17 /* Release */ = {
			isa = XCBuildConfiguration;
			buildSettings = {
				ALWAYS_EMBED_SWIFT_STANDARD_LIBRARIES = YES;
				ASSETCATALOG_COMPILER_APPICON_NAME = AppIcon;
				ASSETCATALOG_COMPILER_GLOBAL_ACCENT_COLOR_NAME = AccentColor;
				CODE_SIGN_ENTITLEMENTS = ZvaroExt/ZvaroExt.entitlements;
				CODE_SIGN_STYLE = Automatic;
				COMBINE_HIDPI_IMAGES = YES;
				DEVELOPMENT_TEAM = 9J6689CCTF;
				ENABLE_HARDENED_RUNTIME = YES;
				INFOPLIST_FILE = ZvaroExt/Info.plist;
				LD_RUNPATH_SEARCH_PATHS = (
					"$(inherited)",
					"@executable_path/../Frameworks",
				);
				PRODUCT_BUNDLE_IDENTIFIER = com.zvaro.ZvaroExt;
				PRODUCT_NAME = "$(TARGET_NAME)";
				SWIFT_VERSION = 5.0;
			};
			name = Release;
		};
		E7C9F8C5267F6F0200739C17 /* Debug */ = {
			isa = XCBuildConfiguration;
			buildSettings = {
				CODE_SIGN_ENTITLEMENTS = Zvaro/Zvaro.entitlements;
				CODE_SIGN_STYLE = Automatic;
				COMBINE_HIDPI_IMAGES = YES;
				DEVELOPMENT_TEAM = 9J6689CCTF;
				ENABLE_HARDENED_RUNTIME = YES;
				INFOPLIST_FILE = Zvaro/Info.plist;
				LD_RUNPATH_SEARCH_PATHS = (
					"$(inherited)",
					"@executable_path/../Frameworks",
					"@executable_path/../../../../Frameworks",
				);
				PRODUCT_BUNDLE_IDENTIFIER = com.zvaro.ZvaroExt.Zvaro;
				PRODUCT_NAME = "$(TARGET_NAME)";
				SKIP_INSTALL = YES;
				SWIFT_VERSION = 5.0;
			};
			name = Debug;
		};
		E7C9F8C6267F6F0200739C17 /* Release */ = {
			isa = XCBuildConfiguration;
			buildSettings = {
				CODE_SIGN_ENTITLEMENTS = Zvaro/Zvaro.entitlements;
				CODE_SIGN_STYLE = Automatic;
				COMBINE_HIDPI_IMAGES = YES;
				DEVELOPMENT_TEAM = 9J6689CCTF;
				ENABLE_HARDENED_RUNTIME = YES;
				INFOPLIST_FILE = Zvaro/Info.plist;
				LD_RUNPATH_SEARCH_PATHS = (
					"$(inherited)",
					"@executable_path/../Frameworks",
					"@executable_path/../../../../Frameworks",
				);
				PRODUCT_BUNDLE_IDENTIFIER = com.zvaro.ZvaroExt.Zvaro;
				PRODUCT_NAME = "$(TARGET_NAME)";
				SKIP_INSTALL = YES;
				SWIFT_VERSION = 5.0;
			};
			name = Release;
		};
/* End XCBuildConfiguration section */

/* Begin XCConfigurationList section */
		E7C9F898267F6EDA00739C17 /* Build configuration list for PBXProject "ZvaroExt" */ = {
			isa = XCConfigurationList;
			buildConfigurations = (
				E7C9F8AB267F6EDB00739C17 /* Debug */,
				E7C9F8AC267F6EDB00739C17 /* Release */,
			);
			defaultConfigurationIsVisible = 0;
			defaultConfigurationName = Release;
		};
		E7C9F8AD267F6EDB00739C17 /* Build configuration list for PBXNativeTarget "ZvaroExt" */ = {
			isa = XCConfigurationList;
			buildConfigurations = (
				E7C9F8AE267F6EDB00739C17 /* Debug */,
				E7C9F8AF267F6EDB00739C17 /* Release */,
			);
			defaultConfigurationIsVisible = 0;
			defaultConfigurationName = Release;
		};
		E7C9F8C4267F6F0200739C17 /* Build configuration list for PBXNativeTarget "Zvaro" */ = {
			isa = XCConfigurationList;
			buildConfigurations = (
				E7C9F8C5267F6F0200739C17 /* Debug */,
				E7C9F8C6267F6F0200739C17 /* Release */,
			);
			defaultConfigurationIsVisible = 0;
			defaultConfigurationName = Release;
		};
/* End XCConfigurationList section */
	};
	rootObject = E7C9F895267F6EDA00739C17 /* Project object */;
}
